
Microsoft Visual Studio Solution File, Format Version 12.00
# Visual Studio Version 17
VisualStudioVersion = 17.14.36109.1 d17.14
MinimumVisualStudioVersion = 10.0.40219.1
Project("{FAE04EC0-301F-11D3-BF4B-00C04F79EFBC}") = "performance-cache", "performance-cache\performance-cache.csproj", "{36130505-CBF7-463B-BD76-99026DC7D541}"
EndProject
Global
	GlobalSection(SolutionConfigurationPlatforms) = preSolution
		Debug|Any CPU = Debug|Any CPU
		Release|Any CPU = Release|Any CPU
	EndGlobalSection
	GlobalSection(ProjectConfigurationPlatforms) = postSolution
		{36130505-CBF7-463B-BD76-99026DC7D541}.Debug|Any CPU.ActiveCfg = Debug|Any CPU
		{36130505-CBF7-463B-BD76-99026DC7D541}.Debug|Any CPU.Build.0 = Debug|Any CPU
		{36130505-CBF7-463B-BD76-99026DC7D541}.Release|Any CPU.ActiveCfg = Release|Any CPU
		{36130505-CBF7-463B-BD76-99026DC7D541}.Release|Any CPU.Build.0 = Release|Any CPU
	EndGlobalSection
	GlobalSection(SolutionProperties) = preSolution
		HideSolutionNode = FALSE
	EndGlobalSection
	GlobalSection(ExtensibilityGlobals) = postSolution
		SolutionGuid = {2C8FA937-A8D6-41C1-BAA5-B4F9209A6E4D}
	EndGlobalSection
EndGlobal
